
Microsoft Visual Studio Solution File, Format Version 12.00
# Visual Studio Version 17
VisualStudioVersion = 17.0.31903.59
MinimumVisualStudioVersion = 10.0.40219.1
Project("{FAE04EC0-301F-11D3-BF4B-00C04F79EFBC}") = "DisneyChecker", "DisneyChecker\DisneyChecker.csproj", "{7D8270F8-CC52-43E1-9DAA-C789C5A60C61}"
EndProject
Global
	GlobalSection(SolutionConfigurationPlatforms) = preSolution
		Debug|Any CPU = Debug|Any CPU
		Release|Any CPU = Release|Any CPU
	EndGlobalSection
	GlobalSection(ProjectConfigurationPlatforms) = postSolution
		{7D8270F8-CC52-43E1-9DAA-C789C5A60C61}.Debug|Any CPU.ActiveCfg = Debug|Any CPU
		{7D8270F8-CC52-43E1-9DAA-C789C5A60C61}.Debug|Any CPU.Build.0 = Debug|Any CPU
		{7D8270F8-CC52-43E1-9DAA-C789C5A60C61}.Release|Any CPU.ActiveCfg = Release|Any CPU
		{7D8270F8-CC52-43E1-9DAA-C789C5A60C61}.Release|Any CPU.Build.0 = Release|Any CPU
	EndGlobalSection
	GlobalSection(SolutionProperties) = preSolution
		HideSolutionNode = FALSE
	EndGlobalSection
	GlobalSection(ExtensibilityGlobals) = postSolution
		SolutionGuid = {D3ACEAB1-6750-446E-AD56-2B186730E1C4}
	EndGlobalSection
EndGlobal
